# This file is autogenerated, do not edit; changes may be undone by the next 'dep ensure'.


[[projects]]
  branch = "master"
  name = "github.com/creack/goselect"
  packages = ["."]
  revision = "3adf2cd7aa679b2e107555d0d0427e75acca0db5"

[[projects]]
  branch = "master"
  name = "go.bug.st/serial.v1"
  packages = [
    ".",
    "unixutils"
  ]
  revision = "eae1344f9f90101f887b08d13391c34399f97873"
  source = "github.com/bugst/go-serial"

[[projects]]
  branch = "master"
  name = "golang.org/x/sys"
  packages = [
    "unix",
    "windows"
  ]
  revision = "2f1e207ee39ff70f3433e49c6eb52677a515e3b5"

[solve-meta]
  analyzer-name = "dep"
  analyzer-version = 1
  inputs-digest = "7b09e21f688f78a0fba71aa5f9bbe6371918d094a9dc84fc5877b9e0849070d9"
  solver-name = "gps-cdcl"
  solver-version = 1
